// !$*UTF8*$!
{
	archiveVersion = 1;
	classes = {
	};
	objectVersion = 55;
	objects = {

/* Begin PBXBuildFile section */
		CA381B662803AA2800CA7BBA /* AppDelegate.swift in Sources */ = {isa = PBXBuildFile; fileRef = CA381B652803AA2800CA7BBA /* AppDelegate.swift */; };
		CA381B682803AA2800CA7BBA /* SceneDelegate.swift in Sources */ = {isa = PBXBuildFile; fileRef = CA381B672803AA2800CA7BBA /* SceneDelegate.swift */; };
		CA381B6A2803AA2800CA7BBA /* ViewController.swift in Sources */ = {isa = PBXBuildFile; fileRef = CA381B692803AA2800CA7BBA /* ViewController.swift */; };
		CA381B6D2803AA2800CA7BBA /* Main.storyboard in Resources */ = {isa = PBXBuildFile; fileRef = CA381B6B2803AA2800CA7BBA /* Main.storyboard */; };
		CA381B702803AA2800CA7BBA /* workout_app.xcdatamodeld in Sources */ = {isa = PBXBuildFile; fileRef = CA381B6E2803AA2800CA7BBA /* workout_app.xcdatamodeld */; };
		CA381B722803AA2A00CA7BBA /* Assets.xcassets in Resources */ = {isa = PBXBuildFile; fileRef = CA381B712803AA2A00CA7BBA /* Assets.xcassets */; };
		CA381B752803AA2A00CA7BBA /* LaunchScreen.storyboard in Resources */ = {isa = PBXBuildFile; fileRef = CA381B732803AA2A00CA7BBA /* LaunchScreen.storyboard */; };
		CA381B802803AA2A00CA7BBA /* workout_appTests.swift in Sources */ = {isa = PBXBuildFile; fileRef = CA381B7F2803AA2A00CA7BBA /* workout_appTests.swift */; };
		CA381B8A2803AA2A00CA7BBA /* workout_appUITests.swift in Sources */ = {isa = PBXBuildFile; fileRef = CA381B892803AA2A00CA7BBA /* workout_appUITests.swift */; };
		CA381B8C2803AA2A00CA7BBA /* workout_appUITestsLaunchTests.swift in Sources */ = {isa = PBXBuildFile; fileRef = CA381B8B2803AA2A00CA7BBA /* workout_appUITestsLaunchTests.swift */; };
		CA381B992805256900CA7BBA /* Podfile in Resources */ = {isa = PBXBuildFile; fileRef = CA381B982805256900CA7BBA /* Podfile */; };
		CA381BA128052FEC00CA7BBA /* TableView.swift in Sources */ = {isa = PBXBuildFile; fileRef = CA381BA028052FEC00CA7BBA /* TableView.swift */; };
		CA381BA32809F06300CA7BBA /* Workout.swift in Sources */ = {isa = PBXBuildFile; fileRef = CA381BA22809F06300CA7BBA /* Workout.swift */; };
		CA381BA72809F41000CA7BBA /* ModelData.swift in Sources */ = {isa = PBXBuildFile; fileRef = CA381BA62809F41000CA7BBA /* ModelData.swift */; };
		CA381BA928124D4700CA7BBA /* LandingViewController.swift in Sources */ = {isa = PBXBuildFile; fileRef = CA381BA828124D4700CA7BBA /* LandingViewController.swift */; };
/* End PBXBuildFile section */

/* Begin PBXContainerItemProxy section */
		CA381B7C2803AA2A00CA7BBA /* PBXContainerItemProxy */ = {
			isa = PBXContainerItemProxy;
			containerPortal = CA381B5A2803AA2800CA7BBA /* Project object */;
			proxyType = 1;
			remoteGlobalIDString = CA381B612803AA2800CA7BBA;
			remoteInfo = "workout-app";
		};
		CA381B862803AA2A00CA7BBA /* PBXContainerItemProxy */ = {
			isa = PBXContainerItemProxy;
			containerPortal = CA381B5A2803AA2800CA7BBA /* Project object */;
			proxyType = 1;
			remoteGlobalIDString = CA381B612803AA2800CA7BBA;
			remoteInfo = "workout-app";
		};
/* End PBXContainerItemProxy section */

/* Begin PBXFileReference section */
		CA381B622803AA2800CA7BBA /* workout-app.app */ = {isa = PBXFileReference; explicitFileType = wrapper.application; includeInIndex = 0; path = "workout-app.app"; sourceTree = BUILT_PRODUCTS_DIR; };
		CA381B652803AA2800CA7BBA /* AppDelegate.swift */ = {isa = PBXFileReference; lastKnownFileType = sourcecode.swift; path = AppDelegate.swift; sourceTree = "<group>"; };
		CA381B672803AA2800CA7BBA /* SceneDelegate.swift */ = {isa = PBXFileReference; lastKnownFileType = sourcecode.swift; path = SceneDelegate.swift; sourceTree = "<group>"; };
		CA381B692803AA2800CA7BBA /* ViewController.swift */ = {isa = PBXFileReference; lastKnownFileType = sourcecode.swift; path = ViewController.swift; sourceTree = "<group>"; };
		CA381B6C2803AA2800CA7BBA /* Base */ = {isa = PBXFileReference; lastKnownFileType = file.storyboard; name = Base; path = Base.lproj/Main.storyboard; sourceTree = "<group>"; };
		CA381B6F2803AA2800CA7BBA /* workout_app.xcdatamodel */ = {isa = PBXFileReference; lastKnownFileType = wrapper.xcdatamodel; path = workout_app.xcdatamodel; sourceTree = "<group>"; };
		CA381B712803AA2A00CA7BBA /* Assets.xcassets */ = {isa = PBXFileReference; lastKnownFileType = folder.assetcatalog; path = Assets.xcassets; sourceTree = "<group>"; };
		CA381B742803AA2A00CA7BBA /* Base */ = {isa = PBXFileReference; lastKnownFileType = file.storyboard; name = Base; path = Base.lproj/LaunchScreen.storyboard; sourceTree = "<group>"; };
		CA381B762803AA2A00CA7BBA /* Info.plist */ = {isa = PBXFileReference; lastKnownFileType = text.plist.xml; path = Info.plist; sourceTree = "<group>"; };
		CA381B7B2803AA2A00CA7BBA /* workout-appTests.xctest */ = {isa = PBXFileReference; explicitFileType = wrapper.cfbundle; includeInIndex = 0; path = "workout-appTests.xctest"; sourceTree = BUILT_PRODUCTS_DIR; };
		CA381B7F2803AA2A00CA7BBA /* workout_appTests.swift */ = {isa = PBXFileReference; lastKnownFileType = sourcecode.swift; path = workout_appTests.swift; sourceTree = "<group>"; };
		CA381B852803AA2A00CA7BBA /* workout-appUITests.xctest */ = {isa = PBXFileReference; explicitFileType = wrapper.cfbundle; includeInIndex = 0; path = "workout-appUITests.xctest"; sourceTree = BUILT_PRODUCTS_DIR; };
		CA381B892803AA2A00CA7BBA /* workout_appUITests.swift */ = {isa = PBXFileReference; lastKnownFileType = sourcecode.swift; path = workout_appUITests.swift; sourceTree = "<group>"; };
		CA381B8B2803AA2A00CA7BBA /* workout_appUITestsLaunchTests.swift */ = {isa = PBXFileReference; lastKnownFileType = sourcecode.swift; path = workout_appUITestsLaunchTests.swift; sourceTree = "<group>"; };
		CA381B982805256900CA7BBA /* Podfile */ = {isa = PBXFileReference; fileEncoding = 4; lastKnownFileType = text; path = Podfile; sourceTree = "<group>"; };
		CA381BA028052FEC00CA7BBA /* TableView.swift */ = {isa = PBXFileReference; lastKnownFileType = sourcecode.swift; path = TableView.swift; sourceTree = "<group>"; };
		CA381BA22809F06300CA7BBA /* Workout.swift */ = {isa = PBXFileReference; lastKnownFileType = sourcecode.swift; path = Workout.swift; sourceTree = "<group>"; };
		CA381BA62809F41000CA7BBA /* ModelData.swift */ = {isa = PBXFileReference; lastKnownFileType = sourcecode.swift; path = ModelData.swift; sourceTree = "<group>"; };
		CA381BA828124D4700CA7BBA /* LandingViewController.swift */ = {isa = PBXFileReference; lastKnownFileType = sourcecode.swift; path = LandingViewController.swift; sourceTree = "<group>"; };
/* End PBXFileReference section */

/* Begin PBXFrameworksBuildPhase section */
		CA381B5F2803AA2800CA7BBA /* Frameworks */ = {
			isa = PBXFrameworksBuildPhase;
			buildActionMask = 2147483647;
			files = (
			);
			runOnlyForDeploymentPostprocessing = 0;
		};
		CA381B782803AA2A00CA7BBA /* Frameworks */ = {
			isa = PBXFrameworksBuildPhase;
			buildActionMask = 2147483647;
			files = (
			);
			runOnlyForDeploymentPostprocessing = 0;
		};
		CA381B822803AA2A00CA7BBA /* Frameworks */ = {
			isa = PBXFrameworksBuildPhase;
			buildActionMask = 2147483647;
			files = (
			);
			runOnlyForDeploymentPostprocessing = 0;
		};
/* End PBXFrameworksBuildPhase section */

/* Begin PBXGroup section */
		CA381B592803AA2800CA7BBA = {
			isa = PBXGroup;
			children = (
				CA381B982805256900CA7BBA /* Podfile */,
				CA381B642803AA2800CA7BBA /* workout-app */,
				CA381B7E2803AA2A00CA7BBA /* workout-appTests */,
				CA381B882803AA2A00CA7BBA /* workout-appUITests */,
				CA381B632803AA2800CA7BBA /* Products */,
			);
			sourceTree = "<group>";
		};
		CA381B632803AA2800CA7BBA /* Products */ = {
			isa = PBXGroup;
			children = (
				CA381B622803AA2800CA7BBA /* workout-app.app */,
				CA381B7B2803AA2A00CA7BBA /* workout-appTests.xctest */,
				CA381B852803AA2A00CA7BBA /* workout-appUITests.xctest */,
			);
			name = Products;
			sourceTree = "<group>";
		};
		CA381B642803AA2800CA7BBA /* workout-app */ = {
			isa = PBXGroup;
			children = (
				CA381BA42809F3FC00CA7BBA /* Model */,
				CA381B652803AA2800CA7BBA /* AppDelegate.swift */,
				CA381B672803AA2800CA7BBA /* SceneDelegate.swift */,
				CA381B692803AA2800CA7BBA /* ViewController.swift */,
				CA381BA828124D4700CA7BBA /* LandingViewController.swift */,
				CA381BA028052FEC00CA7BBA /* TableView.swift */,
				CA381B6B2803AA2800CA7BBA /* Main.storyboard */,
				CA381B712803AA2A00CA7BBA /* Assets.xcassets */,
				CA381B732803AA2A00CA7BBA /* LaunchScreen.storyboard */,
				CA381B762803AA2A00CA7BBA /* Info.plist */,
				CA381B6E2803AA2800CA7BBA /* workout_app.xcdatamodeld */,
			);
			path = "workout-app";
			sourceTree = "<group>";
		};
		CA381B7E2803AA2A00CA7BBA /* workout-appTests */ = {
			isa = PBXGroup;
			children = (
				CA381B7F2803AA2A00CA7BBA /* workout_appTests.swift */,
			);
			path = "workout-appTests";
			sourceTree = "<group>";
		};
		CA381B882803AA2A00CA7BBA /* workout-appUITests */ = {
			isa = PBXGroup;
			children = (
				CA381B892803AA2A00CA7BBA /* workout_appUITests.swift */,
				CA381B8B2803AA2A00CA7BBA /* workout_appUITestsLaunchTests.swift */,
			);
			path = "workout-appUITests";
			sourceTree = "<group>";
		};
		CA381BA42809F3FC00CA7BBA /* Model */ = {
			isa = PBXGroup;
			children = (
				CA381BA22809F06300CA7BBA /* Workout.swift */,
				CA381BA62809F41000CA7BBA /* ModelData.swift */,
			);
			path = Model;
			sourceTree = "<group>";
		};
/* End PBXGroup section */

/* Begin PBXNativeTarget section */
		CA381B612803AA2800CA7BBA /* workout-app */ = {
			isa = PBXNativeTarget;
			buildConfigurationList = CA381B8F2803AA2A00CA7BBA /* Build configuration list for PBXNativeTarget "workout-app" */;
			buildPhases = (
				CA381B5E2803AA2800CA7BBA /* Sources */,
				CA381B5F2803AA2800CA7BBA /* Frameworks */,
				CA381B602803AA2800CA7BBA /* Resources */,
			);
			buildRules = (
			);
			dependencies = (
			);
			name = "workout-app";
			productName = "workout-app";
			productReference = CA381B622803AA2800CA7BBA /* workout-app.app */;
			productType = "com.apple.product-type.application";
		};
		CA381B7A2803AA2A00CA7BBA /* workout-appTests */ = {
			isa = PBXNativeTarget;
			buildConfigurationList = CA381B922803AA2A00CA7BBA /* Build configuration list for PBXNativeTarget "workout-appTests" */;
			buildPhases = (
				CA381B772803AA2A00CA7BBA /* Sources */,
				CA381B782803AA2A00CA7BBA /* Frameworks */,
				CA381B792803AA2A00CA7BBA /* Resources */,
			);
			buildRules = (
			);
			dependencies = (
				CA381B7D2803AA2A00CA7BBA /* PBXTargetDependency */,
			);
			name = "workout-appTests";
			productName = "workout-appTests";
			productReference = CA381B7B2803AA2A00CA7BBA /* workout-appTests.xctest */;
			productType = "com.apple.product-type.bundle.unit-test";
		};
		CA381B842803AA2A00CA7BBA /* workout-appUITests */ = {
			isa = PBXNativeTarget;
			buildConfigurationList = CA381B952803AA2A00CA7BBA /* Build configuration list for PBXNativeTarget "workout-appUITests" */;
			buildPhases = (
				CA381B812803AA2A00CA7BBA /* Sources */,
				CA381B822803AA2A00CA7BBA /* Frameworks */,
				CA381B832803AA2A00CA7BBA /* Resources */,
			);
			buildRules = (
			);
			dependencies = (
				CA381B872803AA2A00CA7BBA /* PBXTargetDependency */,
			);
			name = "workout-appUITests";
			productName = "workout-appUITests";
			productReference = CA381B852803AA2A00CA7BBA /* workout-appUITests.xctest */;
			productType = "com.apple.product-type.bundle.ui-testing";
		};
/* End PBXNativeTarget section */

/* Begin PBXProject section */
		CA381B5A2803AA2800CA7BBA /* Project object */ = {
			isa = PBXProject;
			attributes = {
				BuildIndependentTargetsInParallel = 1;
				LastSwiftUpdateCheck = 1330;
				LastUpgradeCheck = 1330;
				TargetAttributes = {
					CA381B612803AA2800CA7BBA = {
						CreatedOnToolsVersion = 13.3;
					};
					CA381B7A2803AA2A00CA7BBA = {
						CreatedOnToolsVersion = 13.3;
						TestTargetID = CA381B612803AA2800CA7BBA;
					};
					CA381B842803AA2A00CA7BBA = {
						CreatedOnToolsVersion = 13.3;
						TestTargetID = CA381B612803AA2800CA7BBA;
					};
				};
			};
			buildConfigurationList = CA381B5D2803AA2800CA7BBA /* Build configuration list for PBXProject "workout-app" */;
			compatibilityVersion = "Xcode 13.0";
			developmentRegion = en;
			hasScannedForEncodings = 0;
			knownRegions = (
				en,
				Base,
			);
			mainGroup = CA381B592803AA2800CA7BBA;
			productRefGroup = CA381B632803AA2800CA7BBA /* Products */;
			projectDirPath = "";
			projectRoot = "";
			targets = (
				CA381B612803AA2800CA7BBA /* workout-app */,
				CA381B7A2803AA2A00CA7BBA /* workout-appTests */,
				CA381B842803AA2A00CA7BBA /* workout-appUITests */,
			);
		};
/* End PBXProject section */

/* Begin PBXResourcesBuildPhase section */
		CA381B602803AA2800CA7BBA /* Resources */ = {
			isa = PBXResourcesBuildPhase;
			buildActionMask = 2147483647;
			files = (
				CA381B752803AA2A00CA7BBA /* LaunchScreen.storyboard in Resources */,
				CA381B722803AA2A00CA7BBA /* Assets.xcassets in Resources */,
				CA381B992805256900CA7BBA /* Podfile in Resources */,
				CA381B6D2803AA2800CA7BBA /* Main.storyboard in Resources */,
			);
			runOnlyForDeploymentPostprocessing = 0;
		};
		CA381B792803AA2A00CA7BBA /* Resources */ = {
			isa = PBXResourcesBuildPhase;
			buildActionMask = 2147483647;
			files = (
			);
			runOnlyForDeploymentPostprocessing = 0;
		};
		CA381B832803AA2A00CA7BBA /* Resources */ = {
			isa = PBXResourcesBuildPhase;
			buildActionMask = 2147483647;
			files = (
			);
			runOnlyForDeploymentPostprocessing = 0;
		};
/* End PBXResourcesBuildPhase section */

/* Begin PBXSourcesBuildPhase section */
		CA381B5E2803AA2800CA7BBA /* Sources */ = {
			isa = PBXSourcesBuildPhase;
			buildActionMask = 2147483647;
			files = (
				CA381B6A2803AA2800CA7BBA /* ViewController.swift in Sources */,
				CA381BA128052FEC00CA7BBA /* TableView.swift in Sources */,
				CA381BA928124D4700CA7BBA /* LandingViewController.swift in Sources */,
				CA381B662803AA2800CA7BBA /* AppDelegate.swift in Sources */,
				CA381B682803AA2800CA7BBA /* SceneDelegate.swift in Sources */,
				CA381B702803AA2800CA7BBA /* workout_app.xcdatamodeld in Sources */,
				CA381BA32809F06300CA7BBA /* Workout.swift in Sources */,
				CA381BA72809F41000CA7BBA /* ModelData.swift in Sources */,
			);
			runOnlyForDeploymentPostprocessing = 0;
		};
		CA381B772803AA2A00CA7BBA /* Sources */ = {
			isa = PBXSourcesBuildPhase;
			buildActionMask = 2147483647;
			files = (
				CA381B802803AA2A00CA7BBA /* workout_appTests.swift in Sources */,
			);
			runOnlyForDeploymentPostprocessing = 0;
		};
		CA381B812803AA2A00CA7BBA /* Sources */ = {
			isa = PBXSourcesBuildPhase;
			buildActionMask = 2147483647;
			files = (
				CA381B8C2803AA2A00CA7BBA /* workout_appUITestsLaunchTests.swift in Sources */,
				CA381B8A2803AA2A00CA7BBA /* workout_appUITests.swift in Sources */,
			);
			runOnlyForDeploymentPostprocessing = 0;
		};
/* End PBXSourcesBuildPhase section */

/* Begin PBXTargetDependency section */
		CA381B7D2803AA2A00CA7BBA /* PBXTargetDependency */ = {
			isa = PBXTargetDependency;
			target = CA381B612803AA2800CA7BBA /* workout-app */;
			targetProxy = CA381B7C2803AA2A00CA7BBA /* PBXContainerItemProxy */;
		};
		CA381B872803AA2A00CA7BBA /* PBXTargetDependency */ = {
			isa = PBXTargetDependency;
			target = CA381B612803AA2800CA7BBA /* workout-app */;
			targetProxy = CA381B862803AA2A00CA7BBA /* PBXContainerItemProxy */;
		};
/* End PBXTargetDependency section */

/* Begin PBXVariantGroup section */
		CA381B6B2803AA2800CA7BBA /* Main.storyboard */ = {
			isa = PBXVariantGroup;
			children = (
				CA381B6C2803AA2800CA7BBA /* Base */,
			);
			name = Main.storyboard;
			sourceTree = "<group>";
		};
		CA381B732803AA2A00CA7BBA /* LaunchScreen.storyboard */ = {
			isa = PBXVariantGroup;
			children = (
				CA381B742803AA2A00CA7BBA /* Base */,
			);
			name = LaunchScreen.storyboard;
			sourceTree = "<group>";
		};
/* End PBXVariantGroup section */

/* Begin XCBuildConfiguration section */
		CA381B8D2803AA2A00CA7BBA /* Debug */ = {
			isa = XCBuildConfiguration;
			buildSettings = {
				ALWAYS_SEARCH_USER_PATHS = NO;
				CLANG_ANALYZER_NONNULL = YES;
				CLANG_ANALYZER_NUMBER_OBJECT_CONVERSION = YES_AGGRESSIVE;
				CLANG_CXX_LANGUAGE_STANDARD = "gnu++17";
				CLANG_ENABLE_MODULES = YES;
				CLANG_ENABLE_OBJC_ARC = YES;
				CLANG_ENABLE_OBJC_WEAK = YES;
				CLANG_WARN_BLOCK_CAPTURE_AUTORELEASING = YES;
				CLANG_WARN_BOOL_CONVERSION = YES;
				CLANG_WARN_COMMA = YES;
				CLANG_WARN_CONSTANT_CONVERSION = YES;
				CLANG_WARN_DEPRECATED_OBJC_IMPLEMENTATIONS = YES;
				CLANG_WARN_DIRECT_OBJC_ISA_USAGE = YES_ERROR;
				CLANG_WARN_DOCUMENTATION_COMMENTS = YES;
				CLANG_WARN_EMPTY_BODY = YES;
				CLANG_WARN_ENUM_CONVERSION = YES;
				CLANG_WARN_INFINITE_RECURSION = YES;
				CLANG_WARN_INT_CONVERSION = YES;
				CLANG_WARN_NON_LITERAL_NULL_CONVERSION = YES;
				CLANG_WARN_OBJC_IMPLICIT_RETAIN_SELF = YES;
				CLANG_WARN_OBJC_LITERAL_CONVERSION = YES;
				CLANG_WARN_OBJC_ROOT_CLASS = YES_ERROR;
				CLANG_WARN_QUOTED_INCLUDE_IN_FRAMEWORK_HEADER = YES;
				CLANG_WARN_RANGE_LOOP_ANALYSIS = YES;
				CLANG_WARN_STRICT_PROTOTYPES = YES;
				CLANG_WARN_SUSPICIOUS_MOVE = YES;
				CLANG_WARN_UNGUARDED_AVAILABILITY = YES_AGGRESSIVE;
				CLANG_WARN_UNREACHABLE_CODE = YES;
				CLANG_WARN__DUPLICATE_METHOD_MATCH = YES;
				COPY_PHASE_STRIP = NO;
				DEBUG_INFORMATION_FORMAT = dwarf;
				ENABLE_STRICT_OBJC_MSGSEND = YES;
				ENABLE_TESTABILITY = YES;
				GCC_C_LANGUAGE_STANDARD = gnu11;
				GCC_DYNAMIC_NO_PIC = NO;
				GCC_NO_COMMON_BLOCKS = YES;
				GCC_OPTIMIZATION_LEVEL = 0;
				GCC_PREPROCESSOR_DEFINITIONS = (
					"DEBUG=1",
					"$(inherited)",
				);
				GCC_WARN_64_TO_32_BIT_CONVERSION = YES;
				GCC_WARN_ABOUT_RETURN_TYPE = YES_ERROR;
				GCC_WARN_UNDECLARED_SELECTOR = YES;
				GCC_WARN_UNINITIALIZED_AUTOS = YES_AGGRESSIVE;
				GCC_WARN_UNUSED_FUNCTION = YES;
				GCC_WARN_UNUSED_VARIABLE = YES;
				IPHONEOS_DEPLOYMENT_TARGET = 15.4;
				MTL_ENABLE_DEBUG_INFO = INCLUDE_SOURCE;
				MTL_FAST_MATH = YES;
				ONLY_ACTIVE_ARCH = YES;
				SDKROOT = iphoneos;
				SWIFT_ACTIVE_COMPILATION_CONDITIONS = DEBUG;
				SWIFT_OPTIMIZATION_LEVEL = "-Onone";
			};
			name = Debug;
		};
		CA381B8E2803AA2A00CA7BBA /* Release */ = {
			isa = XCBuildConfiguration;
			buildSettings = {
				ALWAYS_SEARCH_USER_PATHS = NO;
				CLANG_ANALYZER_NONNULL = YES;
				CLANG_ANALYZER_NUMBER_OBJECT_CONVERSION = YES_AGGRESSIVE;
				CLANG_CXX_LANGUAGE_STANDARD = "gnu++17";
				CLANG_ENABLE_MODULES = YES;
				CLANG_ENABLE_OBJC_ARC = YES;
				CLANG_ENABLE_OBJC_WEAK = YES;
				CLANG_WARN_BLOCK_CAPTURE_AUTORELEASING = YES;
				CLANG_WARN_BOOL_CONVERSION = YES;
				CLANG_WARN_COMMA = YES;
				CLANG_WARN_CONSTANT_CONVERSION = YES;
				CLANG_WARN_DEPRECATED_OBJC_IMPLEMENTATIONS = YES;
				CLANG_WARN_DIRECT_OBJC_ISA_USAGE = YES_ERROR;
				CLANG_WARN_DOCUMENTATION_COMMENTS = YES;
				CLANG_WARN_EMPTY_BODY = YES;
				CLANG_WARN_ENUM_CONVERSION = YES;
				CLANG_WARN_INFINITE_RECURSION = YES;
				CLANG_WARN_INT_CONVERSION = YES;
				CLANG_WARN_NON_LITERAL_NULL_CONVERSION = YES;
				CLANG_WARN_OBJC_IMPLICIT_RETAIN_SELF = YES;
				CLANG_WARN_OBJC_LITERAL_CONVERSION = YES;
				CLANG_WARN_OBJC_ROOT_CLASS = YES_ERROR;
				CLANG_WARN_QUOTED_INCLUDE_IN_FRAMEWORK_HEADER = YES;
				CLANG_WARN_RANGE_LOOP_ANALYSIS = YES;
				CLANG_WARN_STRICT_PROTOTYPES = YES;
				CLANG_WARN_SUSPICIOUS_MOVE = YES;
				CLANG_WARN_UNGUARDED_AVAILABILITY = YES_AGGRESSIVE;
				CLANG_WARN_UNREACHABLE_CODE = YES;
				CLANG_WARN__DUPLICATE_METHOD_MATCH = YES;
				COPY_PHASE_STRIP = NO;
				DEBUG_INFORMATION_FORMAT = "dwarf-with-dsym";
				ENABLE_NS_ASSERTIONS = NO;
				ENABLE_STRICT_OBJC_MSGSEND = YES;
				GCC_C_LANGUAGE_STANDARD = gnu11;
				GCC_NO_COMMON_BLOCKS = YES;
				GCC_WARN_64_TO_32_BIT_CONVERSION = YES;
				GCC_WARN_ABOUT_RETURN_TYPE = YES_ERROR;
				GCC_WARN_UNDECLARED_SELECTOR = YES;
				GCC_WARN_UNINITIALIZED_AUTOS = YES_AGGRESSIVE;
				GCC_WARN_UNUSED_FUNCTION = YES;
				GCC_WARN_UNUSED_VARIABLE = YES;
				IPHONEOS_DEPLOYMENT_TARGET = 15.4;
				MTL_ENABLE_DEBUG_INFO = NO;
				MTL_FAST_MATH = YES;
				SDKROOT = iphoneos;
				SWIFT_COMPILATION_MODE = wholemodule;
				SWIFT_OPTIMIZATION_LEVEL = "-O";
				VALIDATE_PRODUCT = YES;
			};
			name = Release;
		};
		CA381B902803AA2A00CA7BBA /* Debug */ = {
			isa = XCBuildConfiguration;
			buildSettings = {
				ASSETCATALOG_COMPILER_APPICON_NAME = AppIcon;
				ASSETCATALOG_COMPILER_GLOBAL_ACCENT_COLOR_NAME = AccentColor;
				CODE_SIGN_STYLE = Automatic;
				CURRENT_PROJECT_VERSION = 1;
				DEVELOPMENT_TEAM = 339RYWP666;
				GENERATE_INFOPLIST_FILE = YES;
				INFOPLIST_FILE = "workout-app/Info.plist";
				INFOPLIST_KEY_UIApplicationSupportsIndirectInputEvents = YES;
				INFOPLIST_KEY_UILaunchStoryboardName = LaunchScreen;
				INFOPLIST_KEY_UIMainStoryboardFile = Main;
				INFOPLIST_KEY_UISupportedInterfaceOrientations = UIInterfaceOrientationPortrait;
				INFOPLIST_KEY_UISupportedInterfaceOrientations_iPad = "UIInterfaceOrientationPortrait UIInterfaceOrientationPortraitUpsideDown UIInterfaceOrientationLandscapeLeft UIInterfaceOrientationLandscapeRight";
				INFOPLIST_KEY_UISupportedInterfaceOrientations_iPhone = "UIInterfaceOrientationPortrait UIInterfaceOrientationLandscapeLeft UIInterfaceOrientationLandscapeRight";
				INFOPLIST_KEY_UIUserInterfaceStyle = Light;
				LD_RUNPATH_SEARCH_PATHS = (
					"$(inherited)",
					"@executable_path/Frameworks",
				);
				MARKETING_VERSION = 1.0;
				PRODUCT_BUNDLE_IDENTIFIER = "ralph.workout-app";
				PRODUCT_NAME = "$(TARGET_NAME)";
				SWIFT_EMIT_LOC_STRINGS = YES;
				SWIFT_VERSION = 5.0;
				TARGETED_DEVICE_FAMILY = "1,2";
			};
			name = Debug;
		};
		CA381B912803AA2A00CA7BBA /* Release */ = {
			isa = XCBuildConfiguration;
			buildSettings = {
				ASSETCATALOG_COMPILER_APPICON_NAME = AppIcon;
				ASSETCATALOG_COMPILER_GLOBAL_ACCENT_COLOR_NAME = AccentColor;
				CODE_SIGN_STYLE = Automatic;
				CURRENT_PROJECT_VERSION = 1;
				DEVELOPMENT_TEAM = 339RYWP666;
				GENERATE_INFOPLIST_FILE = YES;
				INFOPLIST_FILE = "workout-app/Info.plist";
				INFOPLIST_KEY_UIApplicationSupportsIndirectInputEvents = YES;
				INFOPLIST_KEY_UILaunchStoryboardName = LaunchScreen;
				INFOPLIST_KEY_UIMainStoryboardFile = Main;
				INFOPLIST_KEY_UISupportedInterfaceOrientations = UIInterfaceOrientationPortrait;
				INFOPLIST_KEY_UISupportedInterfaceOrientations_iPad = "UIInterfaceOrientationPortrait UIInterfaceOrientationPortraitUpsideDown UIInterfaceOrientationLandscapeLeft UIInterfaceOrientationLandscapeRight";
				INFOPLIST_KEY_UISupportedInterfaceOrientations_iPhone = "UIInterfaceOrientationPortrait UIInterfaceOrientationLandscapeLeft UIInterfaceOrientationLandscapeRight";
				INFOPLIST_KEY_UIUserInterfaceStyle = Light;
				LD_RUNPATH_SEARCH_PATHS = (
					"$(inherited)",
					"@executable_path/Frameworks",
				);
				MARKETING_VERSION = 1.0;
				PRODUCT_BUNDLE_IDENTIFIER = "ralph.workout-app";
				PRODUCT_NAME = "$(TARGET_NAME)";
				SWIFT_EMIT_LOC_STRINGS = YES;
				SWIFT_VERSION = 5.0;
				TARGETED_DEVICE_FAMILY = "1,2";
			};
			name = Release;
		};
		CA381B932803AA2A00CA7BBA /* Debug */ = {
			isa = XCBuildConfiguration;
			buildSettings = {
				ALWAYS_EMBED_SWIFT_STANDARD_LIBRARIES = YES;
				BUNDLE_LOADER = "$(TEST_HOST)";
				CODE_SIGN_STYLE = Automatic;
				CURRENT_PROJECT_VERSION = 1;
				GENERATE_INFOPLIST_FILE = YES;
				IPHONEOS_DEPLOYMENT_TARGET = 15.4;
				MARKETING_VERSION = 1.0;
				PRODUCT_BUNDLE_IDENTIFIER = "ralph.workout-appTests";
				PRODUCT_NAME = "$(TARGET_NAME)";
				SWIFT_EMIT_LOC_STRINGS = NO;
				SWIFT_VERSION = 5.0;
				TARGETED_DEVICE_FAMILY = "1,2";
				TEST_HOST = "$(BUILT_PRODUCTS_DIR)/workout-app.app/workout-app";
			};
			name = Debug;
		};
		CA381B942803AA2A00CA7BBA /* Release */ = {
			isa = XCBuildConfiguration;
			buildSettings = {
				ALWAYS_EMBED_SWIFT_STANDARD_LIBRARIES = YES;
				BUNDLE_LOADER = "$(TEST_HOST)";
				CODE_SIGN_STYLE = Automatic;
				CURRENT_PROJECT_VERSION = 1;
				GENERATE_INFOPLIST_FILE = YES;
				IPHONEOS_DEPLOYMENT_TARGET = 15.4;
				MARKETING_VERSION = 1.0;
				PRODUCT_BUNDLE_IDENTIFIER = "ralph.workout-appTests";
				PRODUCT_NAME = "$(TARGET_NAME)";
				SWIFT_EMIT_LOC_STRINGS = NO;
				SWIFT_VERSION = 5.0;
				TARGETED_DEVICE_FAMILY = "1,2";
				TEST_HOST = "$(BUILT_PRODUCTS_DIR)/workout-app.app/workout-app";
			};
			name = Release;
		};
		CA381B962803AA2A00CA7BBA /* Debug */ = {
			isa = XCBuildConfiguration;
			buildSettings = {
				ALWAYS_EMBED_SWIFT_STANDARD_LIBRARIES = YES;
				CODE_SIGN_STYLE = Automatic;
				CURRENT_PROJECT_VERSION = 1;
				GENERATE_INFOPLIST_FILE = YES;
				MARKETING_VERSION = 1.0;
				PRODUCT_BUNDLE_IDENTIFIER = "ralph.workout-appUITests";
				PRODUCT_NAME = "$(TARGET_NAME)";
				SWIFT_EMIT_LOC_STRINGS = NO;
				SWIFT_VERSION = 5.0;
				TARGETED_DEVICE_FAMILY = "1,2";
				TEST_TARGET_NAME = "workout-app";
			};
			name = Debug;
		};
		CA381B972803AA2A00CA7BBA /* Release */ = {
			isa = XCBuildConfiguration;
			buildSettings = {
				ALWAYS_EMBED_SWIFT_STANDARD_LIBRARIES = YES;
				CODE_SIGN_STYLE = Automatic;
				CURRENT_PROJECT_VERSION = 1;
				GENERATE_INFOPLIST_FILE = YES;
				MARKETING_VERSION = 1.0;
				PRODUCT_BUNDLE_IDENTIFIER = "ralph.workout-appUITests";
				PRODUCT_NAME = "$(TARGET_NAME)";
				SWIFT_EMIT_LOC_STRINGS = NO;
				SWIFT_VERSION = 5.0;
				TARGETED_DEVICE_FAMILY = "1,2";
				TEST_TARGET_NAME = "workout-app";
			};
			name = Release;
		};
/* End XCBuildConfiguration section */

/* Begin XCConfigurationList section */
		CA381B5D2803AA2800CA7BBA /* Build configuration list for PBXProject "workout-app" */ = {
			isa = XCConfigurationList;
			buildConfigurations = (
				CA381B8D2803AA2A00CA7BBA /* Debug */,
				CA381B8E2803AA2A00CA7BBA /* Release */,
			);
			defaultConfigurationIsVisible = 0;
			defaultConfigurationName = Release;
		};
		CA381B8F2803AA2A00CA7BBA /* Build configuration list for PBXNativeTarget "workout-app" */ = {
			isa = XCConfigurationList;
			buildConfigurations = (
				CA381B902803AA2A00CA7BBA /* Debug */,
				CA381B912803AA2A00CA7BBA /* Release */,
			);
			defaultConfigurationIsVisible = 0;
			defaultConfigurationName = Release;
		};
		CA381B922803AA2A00CA7BBA /* Build configuration list for PBXNativeTarget "workout-appTests" */ = {
			isa = XCConfigurationList;
			buildConfigurations = (
				CA381B932803AA2A00CA7BBA /* Debug */,
				CA381B942803AA2A00CA7BBA /* Release */,
			);
			defaultConfigurationIsVisible = 0;
			defaultConfigurationName = Release;
		};
		CA381B952803AA2A00CA7BBA /* Build configuration list for PBXNativeTarget "workout-appUITests" */ = {
			isa = XCConfigurationList;
			buildConfigurations = (
				CA381B962803AA2A00CA7BBA /* Debug */,
				CA381B972803AA2A00CA7BBA /* Release */,
			);
			defaultConfigurationIsVisible = 0;
			defaultConfigurationName = Release;
		};
/* End XCConfigurationList section */

/* Begin XCVersionGroup section */
		CA381B6E2803AA2800CA7BBA /* workout_app.xcdatamodeld */ = {
			isa = XCVersionGroup;
			children = (
				CA381B6F2803AA2800CA7BBA /* workout_app.xcdatamodel */,
			);
			currentVersion = CA381B6F2803AA2800CA7BBA /* workout_app.xcdatamodel */;
			path = workout_app.xcdatamodeld;
			sourceTree = "<group>";
			versionGroupType = wrapper.xcdatamodel;
		};
/* End XCVersionGroup section */
	};
	rootObject = CA381B5A2803AA2800CA7BBA /* Project object */;
}
